
Microsoft Visual Studio Solution File, Format Version 12.00
Project("{FAE04EC0-301F-11D3-BF4B-00C04F79EFBC}") = "进程查看器", "进程查看器.csproj", "{000E6A3D-023F-4AA3-BD3D-2383BB5EF107}"
EndProject
Global
	GlobalSection(SolutionConfigurationPlatforms) = preSolution
		Debug|Any CPU = Debug|Any CPU
		Release|Any CPU = Release|Any CPU
	EndGlobalSection
	GlobalSection(ProjectConfigurationPlatforms) = postSolution
		{000E6A3D-023F-4AA3-BD3D-2383BB5EF107}.Debug|Any CPU.ActiveCfg = Debug|Any CPU
		{000E6A3D-023F-4AA3-BD3D-2383BB5EF107}.Debug|Any CPU.Build.0 = Debug|Any CPU
		{000E6A3D-023F-4AA3-BD3D-2383BB5EF107}.Release|Any CPU.ActiveCfg = Release|Any CPU
		{000E6A3D-023F-4AA3-BD3D-2383BB5EF107}.Release|Any CPU.Build.0 = Release|Any CPU
	EndGlobalSection
EndGlobal
